// !$*UTF8*$!
{
	archiveVersion = 1;
	classes = {
	};
	objectVersion = 50;
	objects = {

/* Begin PBXBuildFile section */
		61CBC6542256972500B3D6CF /* AppDelegate.swift in Sources */ = {isa = PBXBuildFile; fileRef = 61CBC6532256972500B3D6CF /* AppDelegate.swift */; };
		61CBC6562256972500B3D6CF /* CreateMemeVC.swift in Sources */ = {isa = PBXBuildFile; fileRef = 61CBC6552256972500B3D6CF /* CreateMemeVC.swift */; };
		61CBC6592256972500B3D6CF /* Main.storyboard in Resources */ = {isa = PBXBuildFile; fileRef = 61CBC6572256972500B3D6CF /* Main.storyboard */; };
		61CBC65B2256972800B3D6CF /* Assets.xcassets in Resources */ = {isa = PBXBuildFile; fileRef = 61CBC65A2256972800B3D6CF /* Assets.xcassets */; };
		61CBC65E2256972800B3D6CF /* LaunchScreen.storyboard in Resources */ = {isa = PBXBuildFile; fileRef = 61CBC65C2256972800B3D6CF /* LaunchScreen.storyboard */; };
		61CBC666225A57F700B3D6CF /* Meme.swift in Sources */ = {isa = PBXBuildFile; fileRef = 61CBC665225A57F700B3D6CF /* Meme.swift */; };
		61FB80BC227E77A8004025DD /* MemeTableVC.swift in Sources */ = {isa = PBXBuildFile; fileRef = 61FB80BB227E77A8004025DD /* MemeTableVC.swift */; };
		61FB80BF227E863F004025DD /* TableCell.swift in Sources */ = {isa = PBXBuildFile; fileRef = 61FB80BE227E863F004025DD /* TableCell.swift */; };
		61FB80C1227E8FBC004025DD /* MemeDetailVC.swift in Sources */ = {isa = PBXBuildFile; fileRef = 61FB80C0227E8FBC004025DD /* MemeDetailVC.swift */; };
		61FB80C5227E97EB004025DD /* CollectionCell.swift in Sources */ = {isa = PBXBuildFile; fileRef = 61FB80C4227E97EB004025DD /* CollectionCell.swift */; };
		61FB80C7227E9C22004025DD /* AddMeme.swift in Sources */ = {isa = PBXBuildFile; fileRef = 61FB80C6227E9C22004025DD /* AddMeme.swift */; };
		61FB80CB227F9EEE004025DD /* SetMemeCollectionVC.swift in Sources */ = {isa = PBXBuildFile; fileRef = 61FB80CA227F9EEE004025DD /* SetMemeCollectionVC.swift */; };
/* End PBXBuildFile section */

/* Begin PBXFileReference section */
		61CBC6502256972500B3D6CF /* Meme.app */ = {isa = PBXFileReference; explicitFileType = wrapper.application; includeInIndex = 0; path = Meme.app; sourceTree = BUILT_PRODUCTS_DIR; };
		61CBC6532256972500B3D6CF /* AppDelegate.swift */ = {isa = PBXFileReference; lastKnownFileType = sourcecode.swift; path = AppDelegate.swift; sourceTree = "<group>"; };
		61CBC6552256972500B3D6CF /* CreateMemeVC.swift */ = {isa = PBXFileReference; lastKnownFileType = sourcecode.swift; path = CreateMemeVC.swift; sourceTree = "<group>"; };
		61CBC6582256972500B3D6CF /* Base */ = {isa = PBXFileReference; lastKnownFileType = file.storyboard; name = Base; path = Base.lproj/Main.storyboard; sourceTree = "<group>"; };
		61CBC65A2256972800B3D6CF /* Assets.xcassets */ = {isa = PBXFileReference; lastKnownFileType = folder.assetcatalog; path = Assets.xcassets; sourceTree = "<group>"; };
		61CBC65D2256972800B3D6CF /* Base */ = {isa = PBXFileReference; lastKnownFileType = file.storyboard; name = Base; path = Base.lproj/LaunchScreen.storyboard; sourceTree = "<group>"; };
		61CBC65F2256972800B3D6CF /* Info.plist */ = {isa = PBXFileReference; lastKnownFileType = text.plist.xml; path = Info.plist; sourceTree = "<group>"; };
		61CBC665225A57F700B3D6CF /* Meme.swift */ = {isa = PBXFileReference; lastKnownFileType = sourcecode.swift; path = Meme.swift; sourceTree = "<group>"; };
		61FB80BB227E77A8004025DD /* MemeTableVC.swift */ = {isa = PBXFileReference; lastKnownFileType = sourcecode.swift; path = MemeTableVC.swift; sourceTree = "<group>"; };
		61FB80BE227E863F004025DD /* TableCell.swift */ = {isa = PBXFileReference; lastKnownFileType = sourcecode.swift; path = TableCell.swift; sourceTree = "<group>"; };
		61FB80C0227E8FBC004025DD /* MemeDetailVC.swift */ = {isa = PBXFileReference; lastKnownFileType = sourcecode.swift; path = MemeDetailVC.swift; sourceTree = "<group>"; };
		61FB80C4227E97EB004025DD /* CollectionCell.swift */ = {isa = PBXFileReference; lastKnownFileType = sourcecode.swift; path = CollectionCell.swift; sourceTree = "<group>"; };
		61FB80C6227E9C22004025DD /* AddMeme.swift */ = {isa = PBXFileReference; lastKnownFileType = sourcecode.swift; path = AddMeme.swift; sourceTree = "<group>"; };
		61FB80CA227F9EEE004025DD /* SetMemeCollectionVC.swift */ = {isa = PBXFileReference; lastKnownFileType = sourcecode.swift; path = SetMemeCollectionVC.swift; sourceTree = "<group>"; };
/* End PBXFileReference section */

/* Begin PBXFrameworksBuildPhase section */
		61CBC64D2256972500B3D6CF /* Frameworks */ = {
			isa = PBXFrameworksBuildPhase;
			buildActionMask = 2147483647;
			files = (
			);
			runOnlyForDeploymentPostprocessing = 0;
		};
/* End PBXFrameworksBuildPhase section */

/* Begin PBXGroup section */
		61CBC6472256972500B3D6CF = {
			isa = PBXGroup;
			children = (
				61CBC6522256972500B3D6CF /* Meme */,
				61CBC6512256972500B3D6CF /* Products */,
			);
			sourceTree = "<group>";
		};
		61CBC6512256972500B3D6CF /* Products */ = {
			isa = PBXGroup;
			children = (
				61CBC6502256972500B3D6CF /* Meme.app */,
			);
			name = Products;
			sourceTree = "<group>";
		};
		61CBC6522256972500B3D6CF /* Meme */ = {
			isa = PBXGroup;
			children = (
				61CBC6532256972500B3D6CF /* AppDelegate.swift */,
				61FB80B8227E6F04004025DD /* ViewController */,
				61FB80BD227E85EF004025DD /* View */,
				61CBC665225A57F700B3D6CF /* Meme.swift */,
				61FB80C6227E9C22004025DD /* AddMeme.swift */,
				61CBC6572256972500B3D6CF /* Main.storyboard */,
				61CBC65A2256972800B3D6CF /* Assets.xcassets */,
				61CBC65C2256972800B3D6CF /* LaunchScreen.storyboard */,
				61CBC65F2256972800B3D6CF /* Info.plist */,
			);
			path = Meme;
			sourceTree = "<group>";
		};
		61FB80B8227E6F04004025DD /* ViewController */ = {
			isa = PBXGroup;
			children = (
				61CBC6552256972500B3D6CF /* CreateMemeVC.swift */,
				61FB80C0227E8FBC004025DD /* MemeDetailVC.swift */,
				61FB80BB227E77A8004025DD /* MemeTableVC.swift */,
				61FB80CA227F9EEE004025DD /* SetMemeCollectionVC.swift */,
			);
			path = ViewController;
			sourceTree = "<group>";
		};
		61FB80BD227E85EF004025DD /* View */ = {
			isa = PBXGroup;
			children = (
				61FB80BE227E863F004025DD /* TableCell.swift */,
				61FB80C4227E97EB004025DD /* CollectionCell.swift */,
			);
			path = View;
			sourceTree = "<group>";
		};
/* End PBXGroup section */

/* Begin PBXNativeTarget section */
		61CBC64F2256972500B3D6CF /* Meme */ = {
			isa = PBXNativeTarget;
			buildConfigurationList = 61CBC6622256972800B3D6CF /* Build configuration list for PBXNativeTarget "Meme" */;
			buildPhases = (
				61CBC64C2256972500B3D6CF /* Sources */,
				61CBC64D2256972500B3D6CF /* Frameworks */,
				61CBC64E2256972500B3D6CF /* Resources */,
			);
			buildRules = (
			);
			dependencies = (
			);
			name = Meme;
			productName = Meme1.0;
			productReference = 61CBC6502256972500B3D6CF /* Meme.app */;
			productType = "com.apple.product-type.application";
		};
/* End PBXNativeTarget section */

/* Begin PBXProject section */
		61CBC6482256972500B3D6CF /* Project object */ = {
			isa = PBXProject;
			attributes = {
				LastSwiftUpdateCheck = 1010;
				LastUpgradeCheck = 1010;
				ORGANIZATIONNAME = Udacity;
				TargetAttributes = {
					61CBC64F2256972500B3D6CF = {
						CreatedOnToolsVersion = 10.1;
					};
				};
			};
			buildConfigurationList = 61CBC64B2256972500B3D6CF /* Build configuration list for PBXProject "Meme" */;
			compatibilityVersion = "Xcode 9.3";
			developmentRegion = en;
			hasScannedForEncodings = 0;
			knownRegions = (
				en,
				Base,
			);
			mainGroup = 61CBC6472256972500B3D6CF;
			productRefGroup = 61CBC6512256972500B3D6CF /* Products */;
			projectDirPath = "";
			projectRoot = "";
			targets = (
				61CBC64F2256972500B3D6CF /* Meme */,
			);
		};
/* End PBXProject section */

/* Begin PBXResourcesBuildPhase section */
		61CBC64E2256972500B3D6CF /* Resources */ = {
			isa = PBXResourcesBuildPhase;
			buildActionMask = 2147483647;
			files = (
				61CBC65E2256972800B3D6CF /* LaunchScreen.storyboard in Resources */,
				61CBC65B2256972800B3D6CF /* Assets.xcassets in Resources */,
				61CBC6592256972500B3D6CF /* Main.storyboard in Resources */,
			);
			runOnlyForDeploymentPostprocessing = 0;
		};
/* End PBXResourcesBuildPhase section */

/* Begin PBXSourcesBuildPhase section */
		61CBC64C2256972500B3D6CF /* Sources */ = {
			isa = PBXSourcesBuildPhase;
			buildActionMask = 2147483647;
			files = (
				61FB80BF227E863F004025DD /* TableCell.swift in Sources */,
				61CBC666225A57F700B3D6CF /* Meme.swift in Sources */,
				61FB80CB227F9EEE004025DD /* SetMemeCollectionVC.swift in Sources */,
				61FB80BC227E77A8004025DD /* MemeTableVC.swift in Sources */,
				61FB80C5227E97EB004025DD /* CollectionCell.swift in Sources */,
				61CBC6562256972500B3D6CF /* CreateMemeVC.swift in Sources */,
				61FB80C7227E9C22004025DD /* AddMeme.swift in Sources */,
				61CBC6542256972500B3D6CF /* AppDelegate.swift in Sources */,
				61FB80C1227E8FBC004025DD /* MemeDetailVC.swift in Sources */,
			);
			runOnlyForDeploymentPostprocessing = 0;
		};
/* End PBXSourcesBuildPhase section */

/* Begin PBXVariantGroup section */
		61CBC6572256972500B3D6CF /* Main.storyboard */ = {
			isa = PBXVariantGroup;
			children = (
				61CBC6582256972500B3D6CF /* Base */,
			);
			name = Main.storyboard;
			sourceTree = "<group>";
		};
		61CBC65C2256972800B3D6CF /* LaunchScreen.storyboard */ = {
			isa = PBXVariantGroup;
			children = (
				61CBC65D2256972800B3D6CF /* Base */,
			);
			name = LaunchScreen.storyboard;
			sourceTree = "<group>";
		};
/* End PBXVariantGroup section */

/* Begin XCBuildConfiguration section */
		61CBC6602256972800B3D6CF /* Debug */ = {
			isa = XCBuildConfiguration;
			buildSettings = {
				ALWAYS_SEARCH_USER_PATHS = NO;
				CLANG_ANALYZER_NONNULL = YES;
				CLANG_ANALYZER_NUMBER_OBJECT_CONVERSION = YES_AGGRESSIVE;
				CLANG_CXX_LANGUAGE_STANDARD = "gnu++14";
				CLANG_CXX_LIBRARY = "libc++";
				CLANG_ENABLE_MODULES = YES;
				CLANG_ENABLE_OBJC_ARC = YES;
				CLANG_ENABLE_OBJC_WEAK = YES;
				CLANG_WARN_BLOCK_CAPTURE_AUTORELEASING = YES;
				CLANG_WARN_BOOL_CONVERSION = YES;
				CLANG_WARN_COMMA = YES;
				CLANG_WARN_CONSTANT_CONVERSION = YES;
				CLANG_WARN_DEPRECATED_OBJC_IMPLEMENTATIONS = YES;
				CLANG_WARN_DIRECT_OBJC_ISA_USAGE = YES_ERROR;
				CLANG_WARN_DOCUMENTATION_COMMENTS = YES;
				CLANG_WARN_EMPTY_BODY = YES;
				CLANG_WARN_ENUM_CONVERSION = YES;
				CLANG_WARN_INFINITE_RECURSION = YES;
				CLANG_WARN_INT_CONVERSION = YES;
				CLANG_WARN_NON_LITERAL_NULL_CONVERSION = YES;
				CLANG_WARN_OBJC_IMPLICIT_RETAIN_SELF = YES;
				CLANG_WARN_OBJC_LITERAL_CONVERSION = YES;
				CLANG_WARN_OBJC_ROOT_CLASS = YES_ERROR;
				CLANG_WARN_RANGE_LOOP_ANALYSIS = YES;
				CLANG_WARN_STRICT_PROTOTYPES = YES;
				CLANG_WARN_SUSPICIOUS_MOVE = YES;
				CLANG_WARN_UNGUARDED_AVAILABILITY = YES_AGGRESSIVE;
				CLANG_WARN_UNREACHABLE_CODE = YES;
				CLANG_WARN__DUPLICATE_METHOD_MATCH = YES;
				CODE_SIGN_IDENTITY = "iPhone Developer";
				COPY_PHASE_STRIP = NO;
				DEBUG_INFORMATION_FORMAT = dwarf;
				ENABLE_STRICT_OBJC_MSGSEND = YES;
				ENABLE_TESTABILITY = YES;
				GCC_C_LANGUAGE_STANDARD = gnu11;
				GCC_DYNAMIC_NO_PIC = NO;
				GCC_NO_COMMON_BLOCKS = YES;
				GCC_OPTIMIZATION_LEVEL = 0;
				GCC_PREPROCESSOR_DEFINITIONS = (
					"DEBUG=1",
					"$(inherited)",
				);
				GCC_WARN_64_TO_32_BIT_CONVERSION = YES;
				GCC_WARN_ABOUT_RETURN_TYPE = YES_ERROR;
				GCC_WARN_UNDECLARED_SELECTOR = YES;
				GCC_WARN_UNINITIALIZED_AUTOS = YES_AGGRESSIVE;
				GCC_WARN_UNUSED_FUNCTION = YES;
				GCC_WARN_UNUSED_VARIABLE = YES;
				IPHONEOS_DEPLOYMENT_TARGET = 12.1;
				MTL_ENABLE_DEBUG_INFO = INCLUDE_SOURCE;
				MTL_FAST_MATH = YES;
				ONLY_ACTIVE_ARCH = YES;
				SDKROOT = iphoneos;
				SWIFT_ACTIVE_COMPILATION_CONDITIONS = DEBUG;
				SWIFT_OPTIMIZATION_LEVEL = "-Onone";
			};
			name = Debug;
		};
		61CBC6612256972800B3D6CF /* Release */ = {
			isa = XCBuildConfiguration;
			buildSettings = {
				ALWAYS_SEARCH_USER_PATHS = NO;
				CLANG_ANALYZER_NONNULL = YES;
				CLANG_ANALYZER_NUMBER_OBJECT_CONVERSION = YES_AGGRESSIVE;
				CLANG_CXX_LANGUAGE_STANDARD = "gnu++14";
				CLANG_CXX_LIBRARY = "libc++";
				CLANG_ENABLE_MODULES = YES;
				CLANG_ENABLE_OBJC_ARC = YES;
				CLANG_ENABLE_OBJC_WEAK = YES;
				CLANG_WARN_BLOCK_CAPTURE_AUTORELEASING = YES;
				CLANG_WARN_BOOL_CONVERSION = YES;
				CLANG_WARN_COMMA = YES;
				CLANG_WARN_CONSTANT_CONVERSION = YES;
				CLANG_WARN_DEPRECATED_OBJC_IMPLEMENTATIONS = YES;
				CLANG_WARN_DIRECT_OBJC_ISA_USAGE = YES_ERROR;
				CLANG_WARN_DOCUMENTATION_COMMENTS = YES;
				CLANG_WARN_EMPTY_BODY = YES;
				CLANG_WARN_ENUM_CONVERSION = YES;
				CLANG_WARN_INFINITE_RECURSION = YES;
				CLANG_WARN_INT_CONVERSION = YES;
				CLANG_WARN_NON_LITERAL_NULL_CONVERSION = YES;
				CLANG_WARN_OBJC_IMPLICIT_RETAIN_SELF = YES;
				CLANG_WARN_OBJC_LITERAL_CONVERSION = YES;
				CLANG_WARN_OBJC_ROOT_CLASS = YES_ERROR;
				CLANG_WARN_RANGE_LOOP_ANALYSIS = YES;
				CLANG_WARN_STRICT_PROTOTYPES = YES;
				CLANG_WARN_SUSPICIOUS_MOVE = YES;
				CLANG_WARN_UNGUARDED_AVAILABILITY = YES_AGGRESSIVE;
				CLANG_WARN_UNREACHABLE_CODE = YES;
				CLANG_WARN__DUPLICATE_METHOD_MATCH = YES;
				CODE_SIGN_IDENTITY = "iPhone Developer";
				COPY_PHASE_STRIP = NO;
				DEBUG_INFORMATION_FORMAT = "dwarf-with-dsym";
				ENABLE_NS_ASSERTIONS = NO;
				ENABLE_STRICT_OBJC_MSGSEND = YES;
				GCC_C_LANGUAGE_STANDARD = gnu11;
				GCC_NO_COMMON_BLOCKS = YES;
				GCC_WARN_64_TO_32_BIT_CONVERSION = YES;
				GCC_WARN_ABOUT_RETURN_TYPE = YES_ERROR;
				GCC_WARN_UNDECLARED_SELECTOR = YES;
				GCC_WARN_UNINITIALIZED_AUTOS = YES_AGGRESSIVE;
				GCC_WARN_UNUSED_FUNCTION = YES;
				GCC_WARN_UNUSED_VARIABLE = YES;
				IPHONEOS_DEPLOYMENT_TARGET = 12.1;
				MTL_ENABLE_DEBUG_INFO = NO;
				MTL_FAST_MATH = YES;
				SDKROOT = iphoneos;
				SWIFT_COMPILATION_MODE = wholemodule;
				SWIFT_OPTIMIZATION_LEVEL = "-O";
				VALIDATE_PRODUCT = YES;
			};
			name = Release;
		};
		61CBC6632256972800B3D6CF /* Debug */ = {
			isa = XCBuildConfiguration;
			buildSettings = {
				ASSETCATALOG_COMPILER_APPICON_NAME = AppIcon;
				CODE_SIGN_STYLE = Manual;
				DEVELOPMENT_TEAM = "";
				INFOPLIST_FILE = Meme/Info.plist;
				LD_RUNPATH_SEARCH_PATHS = (
					"$(inherited)",
					"@executable_path/Frameworks",
				);
				PRODUCT_BUNDLE_IDENTIFIER = "com.udacity.Meme1-0";
				PRODUCT_NAME = "$(TARGET_NAME)";
				PROVISIONING_PROFILE_SPECIFIER = "";
				SWIFT_VERSION = 4.2;
				TARGETED_DEVICE_FAMILY = "1,2";
			};
			name = Debug;
		};
		61CBC6642256972800B3D6CF /* Release */ = {
			isa = XCBuildConfiguration;
			buildSettings = {
				ASSETCATALOG_COMPILER_APPICON_NAME = AppIcon;
				CODE_SIGN_STYLE = Manual;
				DEVELOPMENT_TEAM = "";
				INFOPLIST_FILE = Meme/Info.plist;
				LD_RUNPATH_SEARCH_PATHS = (
					"$(inherited)",
					"@executable_path/Frameworks",
				);
				PRODUCT_BUNDLE_IDENTIFIER = "com.udacity.Meme1-0";
				PRODUCT_NAME = "$(TARGET_NAME)";
				PROVISIONING_PROFILE_SPECIFIER = "";
				SWIFT_VERSION = 4.2;
				TARGETED_DEVICE_FAMILY = "1,2";
			};
			name = Release;
		};
/* End XCBuildConfiguration section */

/* Begin XCConfigurationList section */
		61CBC64B2256972500B3D6CF /* Build configuration list for PBXProject "Meme" */ = {
			isa = XCConfigurationList;
			buildConfigurations = (
				61CBC6602256972800B3D6CF /* Debug */,
				61CBC6612256972800B3D6CF /* Release */,
			);
			defaultConfigurationIsVisible = 0;
			defaultConfigurationName = Release;
		};
		61CBC6622256972800B3D6CF /* Build configuration list for PBXNativeTarget "Meme" */ = {
			isa = XCConfigurationList;
			buildConfigurations = (
				61CBC6632256972800B3D6CF /* Debug */,
				61CBC6642256972800B3D6CF /* Release */,
			);
			defaultConfigurationIsVisible = 0;
			defaultConfigurationName = Release;
		};
/* End XCConfigurationList section */
	};
	rootObject = 61CBC6482256972500B3D6CF /* Project object */;
}
